
Microsoft Visual Studio Solution File, Format Version 12.00
# Visual Studio Version 17
VisualStudioVersion = 17.9.34723.18
MinimumVisualStudioVersion = 10.0.40219.1
Project("{8BC9CEB8-8B4A-11D0-8D11-00A0C91BC942}") = "1.12_04", "1.12_04.vcxproj", "{076D6FF0-47AD-4C1D-BF1F-58718BF4D99A}"
EndProject
Global
	GlobalSection(SolutionConfigurationPlatforms) = preSolution
		Debug|x64 = Debug|x64
		Debug|x86 = Debug|x86
		Release|x64 = Release|x64
		Release|x86 = Release|x86
	EndGlobalSection
	GlobalSection(ProjectConfigurationPlatforms) = postSolution
		{076D6FF0-47AD-4C1D-BF1F-58718BF4D99A}.Debug|x64.ActiveCfg = Debug|x64
		{076D6FF0-47AD-4C1D-BF1F-58718BF4D99A}.Debug|x64.Build.0 = Debug|x64
		{076D6FF0-47AD-4C1D-BF1F-58718BF4D99A}.Debug|x86.ActiveCfg = Debug|Win32
		{076D6FF0-47AD-4C1D-BF1F-58718BF4D99A}.Debug|x86.Build.0 = Debug|Win32
		{076D6FF0-47AD-4C1D-BF1F-58718BF4D99A}.Release|x64.ActiveCfg = Release|x64
		{076D6FF0-47AD-4C1D-BF1F-58718BF4D99A}.Release|x64.Build.0 = Release|x64
		{076D6FF0-47AD-4C1D-BF1F-58718BF4D99A}.Release|x86.ActiveCfg = Release|Win32
		{076D6FF0-47AD-4C1D-BF1F-58718BF4D99A}.Release|x86.Build.0 = Release|Win32
	EndGlobalSection
	GlobalSection(SolutionProperties) = preSolution
		HideSolutionNode = FALSE
	EndGlobalSection
	GlobalSection(ExtensibilityGlobals) = postSolution
		SolutionGuid = {F83E59BF-0ADB-46F4-8AEC-F52AE129D100}
	EndGlobalSection
EndGlobal
